
Microsoft Visual Studio Solution File, Format Version 12.00
# Visual Studio Version 17
VisualStudioVersion = 17.12.35707.178
MinimumVisualStudioVersion = 10.0.40219.1
Project("{FAE04EC0-301F-11D3-BF4B-00C04F79EFBC}") = "ConsoleApp1", "ConsoleApp1\ConsoleApp1.csproj", "{04410C70-5351-4E94-8E6B-63C3875F2790}"
EndProject
Project("{FAE04EC0-301F-11D3-BF4B-00C04F79EFBC}") = "ConsoleApp2", "ConsoleApp2\ConsoleApp2.csproj", "{9A4A43E1-C6E0-4FA2-8A25-B32B9F31B045}"
EndProject
Project("{FAE04EC0-301F-11D3-BF4B-00C04F79EFBC}") = "ConsoleApp3", "ConsoleApp3\ConsoleApp3.csproj", "{9AEC1B5A-AEF5-4BFF-8B71-A9686976819C}"
EndProject
Project("{FAE04EC0-301F-11D3-BF4B-00C04F79EFBC}") = "ConsoleApp4", "ConsoleApp4\ConsoleApp4.csproj", "{067DEE2B-8149-4114-8583-20A937CEE8DE}"
EndProject
Global
	GlobalSection(SolutionConfigurationPlatforms) = preSolution
		Debug|Any CPU = Debug|Any CPU
		Release|Any CPU = Release|Any CPU
	EndGlobalSection
	GlobalSection(ProjectConfigurationPlatforms) = postSolution
		{04410C70-5351-4E94-8E6B-63C3875F2790}.Debug|Any CPU.ActiveCfg = Debug|Any CPU
		{04410C70-5351-4E94-8E6B-63C3875F2790}.Debug|Any CPU.Build.0 = Debug|Any CPU
		{04410C70-5351-4E94-8E6B-63C3875F2790}.Release|Any CPU.ActiveCfg = Release|Any CPU
		{04410C70-5351-4E94-8E6B-63C3875F2790}.Release|Any CPU.Build.0 = Release|Any CPU
		{9A4A43E1-C6E0-4FA2-8A25-B32B9F31B045}.Debug|Any CPU.ActiveCfg = Debug|Any CPU
		{9A4A43E1-C6E0-4FA2-8A25-B32B9F31B045}.Debug|Any CPU.Build.0 = Debug|Any CPU
		{9A4A43E1-C6E0-4FA2-8A25-B32B9F31B045}.Release|Any CPU.ActiveCfg = Release|Any CPU
		{9A4A43E1-C6E0-4FA2-8A25-B32B9F31B045}.Release|Any CPU.Build.0 = Release|Any CPU
		{9AEC1B5A-AEF5-4BFF-8B71-A9686976819C}.Debug|Any CPU.ActiveCfg = Debug|Any CPU
		{9AEC1B5A-AEF5-4BFF-8B71-A9686976819C}.Debug|Any CPU.Build.0 = Debug|Any CPU
		{9AEC1B5A-AEF5-4BFF-8B71-A9686976819C}.Release|Any CPU.ActiveCfg = Release|Any CPU
		{9AEC1B5A-AEF5-4BFF-8B71-A9686976819C}.Release|Any CPU.Build.0 = Release|Any CPU
		{067DEE2B-8149-4114-8583-20A937CEE8DE}.Debug|Any CPU.ActiveCfg = Debug|Any CPU
		{067DEE2B-8149-4114-8583-20A937CEE8DE}.Debug|Any CPU.Build.0 = Debug|Any CPU
		{067DEE2B-8149-4114-8583-20A937CEE8DE}.Release|Any CPU.ActiveCfg = Release|Any CPU
		{067DEE2B-8149-4114-8583-20A937CEE8DE}.Release|Any CPU.Build.0 = Release|Any CPU
	EndGlobalSection
	GlobalSection(SolutionProperties) = preSolution
		HideSolutionNode = FALSE
	EndGlobalSection
EndGlobal
